
Microsoft Visual Studio Solution File, Format Version 12.00
# Visual Studio Version 17
VisualStudioVersion = 17.4.33110.190
MinimumVisualStudioVersion = 10.0.40219.1
Project("{FAE04EC0-301F-11D3-BF4B-00C04F79EFBC}") = "tanks", "tanks\tanks.csproj", "{49DBCD90-6110-44E4-9A7E-EA81AFF15445}"
EndProject
Project("{FAE04EC0-301F-11D3-BF4B-00C04F79EFBC}") = "LibTanks", "LibTanks\LibTanks.csproj", "{129B3658-0C73-40A5-A8CF-18512EE0CD04}"
EndProject
Global
	GlobalSection(SolutionConfigurationPlatforms) = preSolution
		Debug|Any CPU = Debug|Any CPU
		Release|Any CPU = Release|Any CPU
	EndGlobalSection
	GlobalSection(ProjectConfigurationPlatforms) = postSolution
		{49DBCD90-6110-44E4-9A7E-EA81AFF15445}.Debug|Any CPU.ActiveCfg = Debug|Any CPU
		{49DBCD90-6110-44E4-9A7E-EA81AFF15445}.Debug|Any CPU.Build.0 = Debug|Any CPU
		{49DBCD90-6110-44E4-9A7E-EA81AFF15445}.Release|Any CPU.ActiveCfg = Release|Any CPU
		{49DBCD90-6110-44E4-9A7E-EA81AFF15445}.Release|Any CPU.Build.0 = Release|Any CPU
		{129B3658-0C73-40A5-A8CF-18512EE0CD04}.Debug|Any CPU.ActiveCfg = Debug|Any CPU
		{129B3658-0C73-40A5-A8CF-18512EE0CD04}.Debug|Any CPU.Build.0 = Debug|Any CPU
		{129B3658-0C73-40A5-A8CF-18512EE0CD04}.Release|Any CPU.ActiveCfg = Release|Any CPU
		{129B3658-0C73-40A5-A8CF-18512EE0CD04}.Release|Any CPU.Build.0 = Release|Any CPU
	EndGlobalSection
	GlobalSection(SolutionProperties) = preSolution
		HideSolutionNode = FALSE
	EndGlobalSection
	GlobalSection(ExtensibilityGlobals) = postSolution
		SolutionGuid = {C931F4C3-20C4-4904-A799-7E2A45155D5A}
	EndGlobalSection
EndGlobal
